// !$*UTF8*$!
{
	archiveVersion = 1;
	classes = {
	};
	objectVersion = 50;
	objects = {

/* Begin PBXBuildFile section */
		E9061C15233B4784004D0F05 /* CMVVMViewCell.m in Sources */ = {isa = PBXBuildFile; fileRef = E9061C14233B4784004D0F05 /* CMVVMViewCell.m */; };
		E9061C18233B47A1004D0F05 /* CMVVMModel.m in Sources */ = {isa = PBXBuildFile; fileRef = E9061C17233B47A1004D0F05 /* CMVVMModel.m */; };
		E9061C1B233B47B3004D0F05 /* CMVVMViewModel.m in Sources */ = {isa = PBXBuildFile; fileRef = E9061C1A233B47B3004D0F05 /* CMVVMViewModel.m */; };
		E9061C1E233B47CB004D0F05 /* CMVVMViewController.m in Sources */ = {isa = PBXBuildFile; fileRef = E9061C1D233B47CB004D0F05 /* CMVVMViewController.m */; };
		E9061C22233B603A004D0F05 /* CMVVMTableDataSource.m in Sources */ = {isa = PBXBuildFile; fileRef = E9061C21233B603A004D0F05 /* CMVVMTableDataSource.m */; };
		E931958323B07066009EE6F2 /* AbstractYellowHuman.m in Sources */ = {isa = PBXBuildFile; fileRef = E931958223B07066009EE6F2 /* AbstractYellowHuman.m */; };
		E931958623B07078009EE6F2 /* AbstractWhiteHuman.m in Sources */ = {isa = PBXBuildFile; fileRef = E931958523B07078009EE6F2 /* AbstractWhiteHuman.m */; };
		E931958923B07088009EE6F2 /* AbstractBlackHuman.m in Sources */ = {isa = PBXBuildFile; fileRef = E931958823B07088009EE6F2 /* AbstractBlackHuman.m */; };
		E931958D23B071D2009EE6F2 /* FemaleYellowHuman.m in Sources */ = {isa = PBXBuildFile; fileRef = E931958C23B071D2009EE6F2 /* FemaleYellowHuman.m */; };
		E931959023B071E2009EE6F2 /* MaleYellowHuman.m in Sources */ = {isa = PBXBuildFile; fileRef = E931958F23B071E2009EE6F2 /* MaleYellowHuman.m */; };
		E931959323B0721F009EE6F2 /* FemaleWhiteHuman.m in Sources */ = {isa = PBXBuildFile; fileRef = E931959223B0721F009EE6F2 /* FemaleWhiteHuman.m */; };
		E931959623B07233009EE6F2 /* MaleWhiteHuman.m in Sources */ = {isa = PBXBuildFile; fileRef = E931959523B07233009EE6F2 /* MaleWhiteHuman.m */; };
		E931959923B07254009EE6F2 /* FemaleBlackHuman.m in Sources */ = {isa = PBXBuildFile; fileRef = E931959823B07254009EE6F2 /* FemaleBlackHuman.m */; };
		E931959C23B07265009EE6F2 /* MaleBlackHuman.m in Sources */ = {isa = PBXBuildFile; fileRef = E931959B23B07265009EE6F2 /* MaleBlackHuman.m */; };
		E931959F23B07313009EE6F2 /* FemaleFactory.m in Sources */ = {isa = PBXBuildFile; fileRef = E931959E23B07313009EE6F2 /* FemaleFactory.m */; };
		E93195A223B07332009EE6F2 /* MaleFactory.m in Sources */ = {isa = PBXBuildFile; fileRef = E93195A123B07332009EE6F2 /* MaleFactory.m */; };
		E93195AD23B0E578009EE6F2 /* CarModel.m in Sources */ = {isa = PBXBuildFile; fileRef = E93195AC23B0E578009EE6F2 /* CarModel.m */; };
		E93195B123B0E920009EE6F2 /* BenzModel.m in Sources */ = {isa = PBXBuildFile; fileRef = E93195B023B0E920009EE6F2 /* BenzModel.m */; };
		E93195B423B0EACC009EE6F2 /* BmwModel.m in Sources */ = {isa = PBXBuildFile; fileRef = E93195B323B0EACC009EE6F2 /* BmwModel.m */; };
		E93195B723B0EB02009EE6F2 /* CarBuilder.m in Sources */ = {isa = PBXBuildFile; fileRef = E93195B623B0EB02009EE6F2 /* CarBuilder.m */; };
		E93195BA23B0EB9F009EE6F2 /* BenzBuilder.m in Sources */ = {isa = PBXBuildFile; fileRef = E93195B923B0EB9F009EE6F2 /* BenzBuilder.m */; };
		E93195BD23B0EBAF009EE6F2 /* BmwBuilder.m in Sources */ = {isa = PBXBuildFile; fileRef = E93195BC23B0EBAF009EE6F2 /* BmwBuilder.m */; };
		E94B5BB223507E5E009DAF52 /* MVPresenter.m in Sources */ = {isa = PBXBuildFile; fileRef = E94B5BB123507E5E009DAF52 /* MVPresenter.m */; };
		E94B5BB523507E7B009DAF52 /* MVPModel.m in Sources */ = {isa = PBXBuildFile; fileRef = E94B5BB423507E7B009DAF52 /* MVPModel.m */; };
		E94B5BB823507E8F009DAF52 /* MVPViewController.m in Sources */ = {isa = PBXBuildFile; fileRef = E94B5BB723507E8F009DAF52 /* MVPViewController.m */; };
		E94B5BBB23507F0C009DAF52 /* MVPNetworkManager.m in Sources */ = {isa = PBXBuildFile; fileRef = E94B5BBA23507F0C009DAF52 /* MVPNetworkManager.m */; };
		E950502223B2F45600A654C5 /* CarDirector.m in Sources */ = {isa = PBXBuildFile; fileRef = E950502123B2F45600A654C5 /* CarDirector.m */; };
		E9568B8E23B6308400760C81 /* AbstractMediator.m in Sources */ = {isa = PBXBuildFile; fileRef = E9568B7723B6308300760C81 /* AbstractMediator.m */; };
		E9568B8F23B6308400760C81 /* Mediator.m in Sources */ = {isa = PBXBuildFile; fileRef = E9568B7823B6308400760C81 /* Mediator.m */; };
		E9568B9123B6308400760C81 /* Stock.m in Sources */ = {isa = PBXBuildFile; fileRef = E9568B7D23B6308400760C81 /* Stock.m */; };
		E9568B9323B6308400760C81 /* Purchase.m in Sources */ = {isa = PBXBuildFile; fileRef = E9568B8123B6308400760C81 /* Purchase.m */; };
		E9568B9523B6308400760C81 /* AbstractColleague.m in Sources */ = {isa = PBXBuildFile; fileRef = E9568B8523B6308400760C81 /* AbstractColleague.m */; };
		E9568B9723B6308400760C81 /* Sale.m in Sources */ = {isa = PBXBuildFile; fileRef = E9568B8B23B6308400760C81 /* Sale.m */; };
		E976C84B23125EDD005A1CBA /* CashNormal.m in Sources */ = {isa = PBXBuildFile; fileRef = E976C84A23125EDD005A1CBA /* CashNormal.m */; };
		E976C84E23125EF0005A1CBA /* CashRebate.m in Sources */ = {isa = PBXBuildFile; fileRef = E976C84D23125EF0005A1CBA /* CashRebate.m */; };
		E976C85123125F26005A1CBA /* CashReturnMoney.m in Sources */ = {isa = PBXBuildFile; fileRef = E976C85023125F26005A1CBA /* CashReturnMoney.m */; };
		E976C85423125FC1005A1CBA /* CashContext.m in Sources */ = {isa = PBXBuildFile; fileRef = E976C85323125FC1005A1CBA /* CashContext.m */; };
		E976C8592312786C005A1CBA /* ChickenBurger.m in Sources */ = {isa = PBXBuildFile; fileRef = E976C8582312786C005A1CBA /* ChickenBurger.m */; };
		E976C85C23127952005A1CBA /* Condiment.m in Sources */ = {isa = PBXBuildFile; fileRef = E976C85B23127952005A1CBA /* Condiment.m */; };
		E976C85F23127A18005A1CBA /* Egg.m in Sources */ = {isa = PBXBuildFile; fileRef = E976C85E23127A18005A1CBA /* Egg.m */; };
		E976C86223127ACA005A1CBA /* Sausage.m in Sources */ = {isa = PBXBuildFile; fileRef = E976C86123127ACA005A1CBA /* Sausage.m */; };
		E976C868231284A6005A1CBA /* AudioPlayer.m in Sources */ = {isa = PBXBuildFile; fileRef = E976C867231284A6005A1CBA /* AudioPlayer.m */; };
		E976C86B23128505005A1CBA /* VlcPlayer.m in Sources */ = {isa = PBXBuildFile; fileRef = E976C86A23128505005A1CBA /* VlcPlayer.m */; };
		E976C86E23128515005A1CBA /* Mp4Player.m in Sources */ = {isa = PBXBuildFile; fileRef = E976C86D23128515005A1CBA /* Mp4Player.m */; };
		E976C87123128535005A1CBA /* MediaAdapter.m in Sources */ = {isa = PBXBuildFile; fileRef = E976C87023128535005A1CBA /* MediaAdapter.m */; };
		E9806B2C230E63A000C95CBC /* AppDelegate.m in Sources */ = {isa = PBXBuildFile; fileRef = E9806B2B230E63A000C95CBC /* AppDelegate.m */; };
		E9806B2F230E63A000C95CBC /* ViewController.m in Sources */ = {isa = PBXBuildFile; fileRef = E9806B2E230E63A000C95CBC /* ViewController.m */; };
		E9806B32230E63A000C95CBC /* Main.storyboard in Resources */ = {isa = PBXBuildFile; fileRef = E9806B30230E63A000C95CBC /* Main.storyboard */; };
		E9806B34230E63A100C95CBC /* Assets.xcassets in Resources */ = {isa = PBXBuildFile; fileRef = E9806B33230E63A100C95CBC /* Assets.xcassets */; };
		E9806B37230E63A100C95CBC /* LaunchScreen.storyboard in Resources */ = {isa = PBXBuildFile; fileRef = E9806B35230E63A100C95CBC /* LaunchScreen.storyboard */; };
		E9806B3A230E63A100C95CBC /* main.m in Sources */ = {isa = PBXBuildFile; fileRef = E9806B39230E63A100C95CBC /* main.m */; };
		E9806B44230E63A100C95CBC /* DesignModesTests.m in Sources */ = {isa = PBXBuildFile; fileRef = E9806B43230E63A100C95CBC /* DesignModesTests.m */; };
		E9806B4F230E63A100C95CBC /* DesignModesUITests.m in Sources */ = {isa = PBXBuildFile; fileRef = E9806B4E230E63A100C95CBC /* DesignModesUITests.m */; };
		E9E6BE4E2312CD3100398A66 /* ConcreteCompany.m in Sources */ = {isa = PBXBuildFile; fileRef = E9E6BE4D2312CD3100398A66 /* ConcreteCompany.m */; };
		E9E6BE512312CF6C00398A66 /* HRDepartment.m in Sources */ = {isa = PBXBuildFile; fileRef = E9E6BE502312CF6C00398A66 /* HRDepartment.m */; };
		E9E6BE542312D13000398A66 /* FinanceDepartment.m in Sources */ = {isa = PBXBuildFile; fileRef = E9E6BE532312D13000398A66 /* FinanceDepartment.m */; };
/* End PBXBuildFile section */

/* Begin PBXContainerItemProxy section */
		E9806B40230E63A100C95CBC /* PBXContainerItemProxy */ = {
			isa = PBXContainerItemProxy;
			containerPortal = E9806B1F230E63A000C95CBC /* Project object */;
			proxyType = 1;
			remoteGlobalIDString = E9806B26230E63A000C95CBC;
			remoteInfo = DesignModes;
		};
		E9806B4B230E63A100C95CBC /* PBXContainerItemProxy */ = {
			isa = PBXContainerItemProxy;
			containerPortal = E9806B1F230E63A000C95CBC /* Project object */;
			proxyType = 1;
			remoteGlobalIDString = E9806B26230E63A000C95CBC;
			remoteInfo = DesignModes;
		};
/* End PBXContainerItemProxy section */

/* Begin PBXFileReference section */
		E9061C13233B4784004D0F05 /* CMVVMViewCell.h */ = {isa = PBXFileReference; lastKnownFileType = sourcecode.c.h; path = CMVVMViewCell.h; sourceTree = "<group>"; };
		E9061C14233B4784004D0F05 /* CMVVMViewCell.m */ = {isa = PBXFileReference; lastKnownFileType = sourcecode.c.objc; path = CMVVMViewCell.m; sourceTree = "<group>"; };
		E9061C16233B47A1004D0F05 /* CMVVMModel.h */ = {isa = PBXFileReference; lastKnownFileType = sourcecode.c.h; path = CMVVMModel.h; sourceTree = "<group>"; };
		E9061C17233B47A1004D0F05 /* CMVVMModel.m */ = {isa = PBXFileReference; lastKnownFileType = sourcecode.c.objc; path = CMVVMModel.m; sourceTree = "<group>"; };
		E9061C19233B47B3004D0F05 /* CMVVMViewModel.h */ = {isa = PBXFileReference; lastKnownFileType = sourcecode.c.h; path = CMVVMViewModel.h; sourceTree = "<group>"; };
		E9061C1A233B47B3004D0F05 /* CMVVMViewModel.m */ = {isa = PBXFileReference; lastKnownFileType = sourcecode.c.objc; path = CMVVMViewModel.m; sourceTree = "<group>"; };
		E9061C1C233B47CB004D0F05 /* CMVVMViewController.h */ = {isa = PBXFileReference; lastKnownFileType = sourcecode.c.h; path = CMVVMViewController.h; sourceTree = "<group>"; };
		E9061C1D233B47CB004D0F05 /* CMVVMViewController.m */ = {isa = PBXFileReference; lastKnownFileType = sourcecode.c.objc; path = CMVVMViewController.m; sourceTree = "<group>"; };
		E9061C1F233B4F8A004D0F05 /* PrefixHeader.pch */ = {isa = PBXFileReference; lastKnownFileType = sourcecode.c.h; path = PrefixHeader.pch; sourceTree = "<group>"; };
		E9061C20233B603A004D0F05 /* CMVVMTableDataSource.h */ = {isa = PBXFileReference; lastKnownFileType = sourcecode.c.h; path = CMVVMTableDataSource.h; sourceTree = "<group>"; };
		E9061C21233B603A004D0F05 /* CMVVMTableDataSource.m */ = {isa = PBXFileReference; lastKnownFileType = sourcecode.c.objc; path = CMVVMTableDataSource.m; sourceTree = "<group>"; };
		E931957E23B06ED9009EE6F2 /* Human.h */ = {isa = PBXFileReference; lastKnownFileType = sourcecode.c.h; path = Human.h; sourceTree = "<group>"; };
		E931957F23B06F76009EE6F2 /* FactoryProtocol.h */ = {isa = PBXFileReference; lastKnownFileType = sourcecode.c.h; path = FactoryProtocol.h; sourceTree = "<group>"; };
		E931958123B07066009EE6F2 /* AbstractYellowHuman.h */ = {isa = PBXFileReference; lastKnownFileType = sourcecode.c.h; path = AbstractYellowHuman.h; sourceTree = "<group>"; };
		E931958223B07066009EE6F2 /* AbstractYellowHuman.m */ = {isa = PBXFileReference; lastKnownFileType = sourcecode.c.objc; path = AbstractYellowHuman.m; sourceTree = "<group>"; };
		E931958423B07078009EE6F2 /* AbstractWhiteHuman.h */ = {isa = PBXFileReference; lastKnownFileType = sourcecode.c.h; path = AbstractWhiteHuman.h; sourceTree = "<group>"; };
		E931958523B07078009EE6F2 /* AbstractWhiteHuman.m */ = {isa = PBXFileReference; lastKnownFileType = sourcecode.c.objc; path = AbstractWhiteHuman.m; sourceTree = "<group>"; };
		E931958723B07088009EE6F2 /* AbstractBlackHuman.h */ = {isa = PBXFileReference; lastKnownFileType = sourcecode.c.h; path = AbstractBlackHuman.h; sourceTree = "<group>"; };
		E931958823B07088009EE6F2 /* AbstractBlackHuman.m */ = {isa = PBXFileReference; lastKnownFileType = sourcecode.c.objc; path = AbstractBlackHuman.m; sourceTree = "<group>"; };
		E931958B23B071D2009EE6F2 /* FemaleYellowHuman.h */ = {isa = PBXFileReference; lastKnownFileType = sourcecode.c.h; path = FemaleYellowHuman.h; sourceTree = "<group>"; };
		E931958C23B071D2009EE6F2 /* FemaleYellowHuman.m */ = {isa = PBXFileReference; lastKnownFileType = sourcecode.c.objc; path = FemaleYellowHuman.m; sourceTree = "<group>"; };
		E931958E23B071E2009EE6F2 /* MaleYellowHuman.h */ = {isa = PBXFileReference; lastKnownFileType = sourcecode.c.h; path = MaleYellowHuman.h; sourceTree = "<group>"; };
		E931958F23B071E2009EE6F2 /* MaleYellowHuman.m */ = {isa = PBXFileReference; lastKnownFileType = sourcecode.c.objc; path = MaleYellowHuman.m; sourceTree = "<group>"; };
		E931959123B0721F009EE6F2 /* FemaleWhiteHuman.h */ = {isa = PBXFileReference; lastKnownFileType = sourcecode.c.h; path = FemaleWhiteHuman.h; sourceTree = "<group>"; };
		E931959223B0721F009EE6F2 /* FemaleWhiteHuman.m */ = {isa = PBXFileReference; lastKnownFileType = sourcecode.c.objc; path = FemaleWhiteHuman.m; sourceTree = "<group>"; };
		E931959423B07233009EE6F2 /* MaleWhiteHuman.h */ = {isa = PBXFileReference; lastKnownFileType = sourcecode.c.h; path = MaleWhiteHuman.h; sourceTree = "<group>"; };
		E931959523B07233009EE6F2 /* MaleWhiteHuman.m */ = {isa = PBXFileReference; lastKnownFileType = sourcecode.c.objc; path = MaleWhiteHuman.m; sourceTree = "<group>"; };
		E931959723B07254009EE6F2 /* FemaleBlackHuman.h */ = {isa = PBXFileReference; lastKnownFileType = sourcecode.c.h; path = FemaleBlackHuman.h; sourceTree = "<group>"; };
		E931959823B07254009EE6F2 /* FemaleBlackHuman.m */ = {isa = PBXFileReference; lastKnownFileType = sourcecode.c.objc; path = FemaleBlackHuman.m; sourceTree = "<group>"; };
		E931959A23B07265009EE6F2 /* MaleBlackHuman.h */ = {isa = PBXFileReference; lastKnownFileType = sourcecode.c.h; path = MaleBlackHuman.h; sourceTree = "<group>"; };
		E931959B23B07265009EE6F2 /* MaleBlackHuman.m */ = {isa = PBXFileReference; lastKnownFileType = sourcecode.c.objc; path = MaleBlackHuman.m; sourceTree = "<group>"; };
		E931959D23B07313009EE6F2 /* FemaleFactory.h */ = {isa = PBXFileReference; lastKnownFileType = sourcecode.c.h; path = FemaleFactory.h; sourceTree = "<group>"; };
		E931959E23B07313009EE6F2 /* FemaleFactory.m */ = {isa = PBXFileReference; lastKnownFileType = sourcecode.c.objc; path = FemaleFactory.m; sourceTree = "<group>"; };
		E93195A023B07332009EE6F2 /* MaleFactory.h */ = {isa = PBXFileReference; lastKnownFileType = sourcecode.c.h; path = MaleFactory.h; sourceTree = "<group>"; };
		E93195A123B07332009EE6F2 /* MaleFactory.m */ = {isa = PBXFileReference; lastKnownFileType = sourcecode.c.objc; path = MaleFactory.m; sourceTree = "<group>"; };
		E93195AB23B0E578009EE6F2 /* CarModel.h */ = {isa = PBXFileReference; lastKnownFileType = sourcecode.c.h; path = CarModel.h; sourceTree = "<group>"; };
		E93195AC23B0E578009EE6F2 /* CarModel.m */ = {isa = PBXFileReference; lastKnownFileType = sourcecode.c.objc; path = CarModel.m; sourceTree = "<group>"; };
		E93195AE23B0E67A009EE6F2 /* CarModelProtocol.h */ = {isa = PBXFileReference; lastKnownFileType = sourcecode.c.h; path = CarModelProtocol.h; sourceTree = "<group>"; };
		E93195AF23B0E920009EE6F2 /* BenzModel.h */ = {isa = PBXFileReference; lastKnownFileType = sourcecode.c.h; path = BenzModel.h; sourceTree = "<group>"; };
		E93195B023B0E920009EE6F2 /* BenzModel.m */ = {isa = PBXFileReference; lastKnownFileType = sourcecode.c.objc; path = BenzModel.m; sourceTree = "<group>"; };
		E93195B223B0EACC009EE6F2 /* BmwModel.h */ = {isa = PBXFileReference; lastKnownFileType = sourcecode.c.h; path = BmwModel.h; sourceTree = "<group>"; };
		E93195B323B0EACC009EE6F2 /* BmwModel.m */ = {isa = PBXFileReference; lastKnownFileType = sourcecode.c.objc; path = BmwModel.m; sourceTree = "<group>"; };
		E93195B523B0EB02009EE6F2 /* CarBuilder.h */ = {isa = PBXFileReference; lastKnownFileType = sourcecode.c.h; path = CarBuilder.h; sourceTree = "<group>"; };
		E93195B623B0EB02009EE6F2 /* CarBuilder.m */ = {isa = PBXFileReference; lastKnownFileType = sourcecode.c.objc; path = CarBuilder.m; sourceTree = "<group>"; };
		E93195B823B0EB9F009EE6F2 /* BenzBuilder.h */ = {isa = PBXFileReference; lastKnownFileType = sourcecode.c.h; path = BenzBuilder.h; sourceTree = "<group>"; };
		E93195B923B0EB9F009EE6F2 /* BenzBuilder.m */ = {isa = PBXFileReference; lastKnownFileType = sourcecode.c.objc; path = BenzBuilder.m; sourceTree = "<group>"; };
		E93195BB23B0EBAF009EE6F2 /* BmwBuilder.h */ = {isa = PBXFileReference; lastKnownFileType = sourcecode.c.h; path = BmwBuilder.h; sourceTree = "<group>"; };
		E93195BC23B0EBAF009EE6F2 /* BmwBuilder.m */ = {isa = PBXFileReference; lastKnownFileType = sourcecode.c.objc; path = BmwBuilder.m; sourceTree = "<group>"; };
		E94B5BB023507E5E009DAF52 /* MVPresenter.h */ = {isa = PBXFileReference; lastKnownFileType = sourcecode.c.h; path = MVPresenter.h; sourceTree = "<group>"; };
		E94B5BB123507E5E009DAF52 /* MVPresenter.m */ = {isa = PBXFileReference; lastKnownFileType = sourcecode.c.objc; path = MVPresenter.m; sourceTree = "<group>"; };
		E94B5BB323507E7B009DAF52 /* MVPModel.h */ = {isa = PBXFileReference; lastKnownFileType = sourcecode.c.h; path = MVPModel.h; sourceTree = "<group>"; };
		E94B5BB423507E7B009DAF52 /* MVPModel.m */ = {isa = PBXFileReference; lastKnownFileType = sourcecode.c.objc; path = MVPModel.m; sourceTree = "<group>"; };
		E94B5BB623507E8F009DAF52 /* MVPViewController.h */ = {isa = PBXFileReference; lastKnownFileType = sourcecode.c.h; path = MVPViewController.h; sourceTree = "<group>"; };
		E94B5BB723507E8F009DAF52 /* MVPViewController.m */ = {isa = PBXFileReference; lastKnownFileType = sourcecode.c.objc; path = MVPViewController.m; sourceTree = "<group>"; };
		E94B5BB923507F0C009DAF52 /* MVPNetworkManager.h */ = {isa = PBXFileReference; lastKnownFileType = sourcecode.c.h; path = MVPNetworkManager.h; sourceTree = "<group>"; };
		E94B5BBA23507F0C009DAF52 /* MVPNetworkManager.m */ = {isa = PBXFileReference; lastKnownFileType = sourcecode.c.objc; path = MVPNetworkManager.m; sourceTree = "<group>"; };
		E94B5BBC23507F28009DAF52 /* MVPProtocol.h */ = {isa = PBXFileReference; lastKnownFileType = sourcecode.c.h; path = MVPProtocol.h; sourceTree = "<group>"; };
		E950502023B2F45600A654C5 /* CarDirector.h */ = {isa = PBXFileReference; lastKnownFileType = sourcecode.c.h; path = CarDirector.h; sourceTree = "<group>"; };
		E950502123B2F45600A654C5 /* CarDirector.m */ = {isa = PBXFileReference; lastKnownFileType = sourcecode.c.objc; path = CarDirector.m; sourceTree = "<group>"; };
		E9568B7523B6308300760C81 /* Sale.h */ = {isa = PBXFileReference; fileEncoding = 4; lastKnownFileType = sourcecode.c.h; path = Sale.h; sourceTree = "<group>"; };
		E9568B7723B6308300760C81 /* AbstractMediator.m */ = {isa = PBXFileReference; fileEncoding = 4; lastKnownFileType = sourcecode.c.objc; path = AbstractMediator.m; sourceTree = "<group>"; };
		E9568B7823B6308400760C81 /* Mediator.m */ = {isa = PBXFileReference; fileEncoding = 4; lastKnownFileType = sourcecode.c.objc; path = Mediator.m; sourceTree = "<group>"; };
		E9568B7923B6308400760C81 /* AbstractColleague.h */ = {isa = PBXFileReference; fileEncoding = 4; lastKnownFileType = sourcecode.c.h; path = AbstractColleague.h; sourceTree = "<group>"; };
		E9568B7C23B6308400760C81 /* Stock.h */ = {isa = PBXFileReference; fileEncoding = 4; lastKnownFileType = sourcecode.c.h; path = Stock.h; sourceTree = "<group>"; };
		E9568B7D23B6308400760C81 /* Stock.m */ = {isa = PBXFileReference; fileEncoding = 4; lastKnownFileType = sourcecode.c.objc; path = Stock.m; sourceTree = "<group>"; };
		E9568B7E23B6308400760C81 /* AbstractMediator.h */ = {isa = PBXFileReference; fileEncoding = 4; lastKnownFileType = sourcecode.c.h; path = AbstractMediator.h; sourceTree = "<group>"; };
		E9568B8123B6308400760C81 /* Purchase.m */ = {isa = PBXFileReference; fileEncoding = 4; lastKnownFileType = sourcecode.c.objc; path = Purchase.m; sourceTree = "<group>"; };
		E9568B8423B6308400760C81 /* Mediator.h */ = {isa = PBXFileReference; fileEncoding = 4; lastKnownFileType = sourcecode.c.h; path = Mediator.h; sourceTree = "<group>"; };
		E9568B8523B6308400760C81 /* AbstractColleague.m */ = {isa = PBXFileReference; fileEncoding = 4; lastKnownFileType = sourcecode.c.objc; path = AbstractColleague.m; sourceTree = "<group>"; };
		E9568B8923B6308400760C81 /* Purchase.h */ = {isa = PBXFileReference; fileEncoding = 4; lastKnownFileType = sourcecode.c.h; path = Purchase.h; sourceTree = "<group>"; };
		E9568B8B23B6308400760C81 /* Sale.m */ = {isa = PBXFileReference; fileEncoding = 4; lastKnownFileType = sourcecode.c.objc; path = Sale.m; sourceTree = "<group>"; };
		E976C84823125E40005A1CBA /* CashBase.h */ = {isa = PBXFileReference; lastKnownFileType = sourcecode.c.h; path = CashBase.h; sourceTree = "<group>"; };
		E976C84923125EDD005A1CBA /* CashNormal.h */ = {isa = PBXFileReference; lastKnownFileType = sourcecode.c.h; path = CashNormal.h; sourceTree = "<group>"; };
		E976C84A23125EDD005A1CBA /* CashNormal.m */ = {isa = PBXFileReference; lastKnownFileType = sourcecode.c.objc; path = CashNormal.m; sourceTree = "<group>"; };
		E976C84C23125EF0005A1CBA /* CashRebate.h */ = {isa = PBXFileReference; lastKnownFileType = sourcecode.c.h; path = CashRebate.h; sourceTree = "<group>"; };
		E976C84D23125EF0005A1CBA /* CashRebate.m */ = {isa = PBXFileReference; lastKnownFileType = sourcecode.c.objc; path = CashRebate.m; sourceTree = "<group>"; };
		E976C84F23125F26005A1CBA /* CashReturnMoney.h */ = {isa = PBXFileReference; lastKnownFileType = sourcecode.c.h; path = CashReturnMoney.h; sourceTree = "<group>"; };
		E976C85023125F26005A1CBA /* CashReturnMoney.m */ = {isa = PBXFileReference; lastKnownFileType = sourcecode.c.objc; path = CashReturnMoney.m; sourceTree = "<group>"; };
		E976C85223125FC1005A1CBA /* CashContext.h */ = {isa = PBXFileReference; lastKnownFileType = sourcecode.c.h; path = CashContext.h; sourceTree = "<group>"; };
		E976C85323125FC1005A1CBA /* CashContext.m */ = {isa = PBXFileReference; lastKnownFileType = sourcecode.c.objc; path = CashContext.m; sourceTree = "<group>"; };
		E976C856231276C5005A1CBA /* Hamburger.h */ = {isa = PBXFileReference; lastKnownFileType = sourcecode.c.h; path = Hamburger.h; sourceTree = "<group>"; };
		E976C8572312786C005A1CBA /* ChickenBurger.h */ = {isa = PBXFileReference; lastKnownFileType = sourcecode.c.h; path = ChickenBurger.h; sourceTree = "<group>"; };
		E976C8582312786C005A1CBA /* ChickenBurger.m */ = {isa = PBXFileReference; lastKnownFileType = sourcecode.c.objc; path = ChickenBurger.m; sourceTree = "<group>"; };
		E976C85A23127952005A1CBA /* Condiment.h */ = {isa = PBXFileReference; lastKnownFileType = sourcecode.c.h; path = Condiment.h; sourceTree = "<group>"; };
		E976C85B23127952005A1CBA /* Condiment.m */ = {isa = PBXFileReference; lastKnownFileType = sourcecode.c.objc; path = Condiment.m; sourceTree = "<group>"; };
		E976C85D23127A18005A1CBA /* Egg.h */ = {isa = PBXFileReference; lastKnownFileType = sourcecode.c.h; path = Egg.h; sourceTree = "<group>"; };
		E976C85E23127A18005A1CBA /* Egg.m */ = {isa = PBXFileReference; lastKnownFileType = sourcecode.c.objc; path = Egg.m; sourceTree = "<group>"; };
		E976C86023127ACA005A1CBA /* Sausage.h */ = {isa = PBXFileReference; lastKnownFileType = sourcecode.c.h; path = Sausage.h; sourceTree = "<group>"; };
		E976C86123127ACA005A1CBA /* Sausage.m */ = {isa = PBXFileReference; lastKnownFileType = sourcecode.c.objc; path = Sausage.m; sourceTree = "<group>"; };
		E976C864231283C8005A1CBA /* MediaPlayer.h */ = {isa = PBXFileReference; lastKnownFileType = sourcecode.c.h; path = MediaPlayer.h; sourceTree = "<group>"; };
		E976C86523128431005A1CBA /* AdvanceMediaPlayer.h */ = {isa = PBXFileReference; lastKnownFileType = sourcecode.c.h; path = AdvanceMediaPlayer.h; sourceTree = "<group>"; };
		E976C866231284A6005A1CBA /* AudioPlayer.h */ = {isa = PBXFileReference; lastKnownFileType = sourcecode.c.h; path = AudioPlayer.h; sourceTree = "<group>"; };
		E976C867231284A6005A1CBA /* AudioPlayer.m */ = {isa = PBXFileReference; lastKnownFileType = sourcecode.c.objc; path = AudioPlayer.m; sourceTree = "<group>"; };
		E976C86923128505005A1CBA /* VlcPlayer.h */ = {isa = PBXFileReference; lastKnownFileType = sourcecode.c.h; path = VlcPlayer.h; sourceTree = "<group>"; };
		E976C86A23128505005A1CBA /* VlcPlayer.m */ = {isa = PBXFileReference; lastKnownFileType = sourcecode.c.objc; path = VlcPlayer.m; sourceTree = "<group>"; };
		E976C86C23128515005A1CBA /* Mp4Player.h */ = {isa = PBXFileReference; lastKnownFileType = sourcecode.c.h; path = Mp4Player.h; sourceTree = "<group>"; };
		E976C86D23128515005A1CBA /* Mp4Player.m */ = {isa = PBXFileReference; lastKnownFileType = sourcecode.c.objc; path = Mp4Player.m; sourceTree = "<group>"; };
		E976C86F23128535005A1CBA /* MediaAdapter.h */ = {isa = PBXFileReference; lastKnownFileType = sourcecode.c.h; path = MediaAdapter.h; sourceTree = "<group>"; };
		E976C87023128535005A1CBA /* MediaAdapter.m */ = {isa = PBXFileReference; lastKnownFileType = sourcecode.c.objc; path = MediaAdapter.m; sourceTree = "<group>"; };
		E9806B27230E63A000C95CBC /* DesignModes.app */ = {isa = PBXFileReference; explicitFileType = wrapper.application; includeInIndex = 0; path = DesignModes.app; sourceTree = BUILT_PRODUCTS_DIR; };
		E9806B2A230E63A000C95CBC /* AppDelegate.h */ = {isa = PBXFileReference; lastKnownFileType = sourcecode.c.h; path = AppDelegate.h; sourceTree = "<group>"; };
		E9806B2B230E63A000C95CBC /* AppDelegate.m */ = {isa = PBXFileReference; lastKnownFileType = sourcecode.c.objc; path = AppDelegate.m; sourceTree = "<group>"; };
		E9806B2D230E63A000C95CBC /* ViewController.h */ = {isa = PBXFileReference; lastKnownFileType = sourcecode.c.h; path = ViewController.h; sourceTree = "<group>"; };
		E9806B2E230E63A000C95CBC /* ViewController.m */ = {isa = PBXFileReference; lastKnownFileType = sourcecode.c.objc; path = ViewController.m; sourceTree = "<group>"; };
		E9806B31230E63A000C95CBC /* Base */ = {isa = PBXFileReference; lastKnownFileType = file.storyboard; name = Base; path = Base.lproj/Main.storyboard; sourceTree = "<group>"; };
		E9806B33230E63A100C95CBC /* Assets.xcassets */ = {isa = PBXFileReference; lastKnownFileType = folder.assetcatalog; path = Assets.xcassets; sourceTree = "<group>"; };
		E9806B36230E63A100C95CBC /* Base */ = {isa = PBXFileReference; lastKnownFileType = file.storyboard; name = Base; path = Base.lproj/LaunchScreen.storyboard; sourceTree = "<group>"; };
		E9806B38230E63A100C95CBC /* Info.plist */ = {isa = PBXFileReference; lastKnownFileType = text.plist.xml; path = Info.plist; sourceTree = "<group>"; };
		E9806B39230E63A100C95CBC /* main.m */ = {isa = PBXFileReference; lastKnownFileType = sourcecode.c.objc; path = main.m; sourceTree = "<group>"; };
		E9806B3F230E63A100C95CBC /* DesignModesTests.xctest */ = {isa = PBXFileReference; explicitFileType = wrapper.cfbundle; includeInIndex = 0; path = DesignModesTests.xctest; sourceTree = BUILT_PRODUCTS_DIR; };
		E9806B43230E63A100C95CBC /* DesignModesTests.m */ = {isa = PBXFileReference; lastKnownFileType = sourcecode.c.objc; path = DesignModesTests.m; sourceTree = "<group>"; };
		E9806B45230E63A100C95CBC /* Info.plist */ = {isa = PBXFileReference; lastKnownFileType = text.plist.xml; path = Info.plist; sourceTree = "<group>"; };
		E9806B4A230E63A100C95CBC /* DesignModesUITests.xctest */ = {isa = PBXFileReference; explicitFileType = wrapper.cfbundle; includeInIndex = 0; path = DesignModesUITests.xctest; sourceTree = BUILT_PRODUCTS_DIR; };
		E9806B4E230E63A100C95CBC /* DesignModesUITests.m */ = {isa = PBXFileReference; lastKnownFileType = sourcecode.c.objc; path = DesignModesUITests.m; sourceTree = "<group>"; };
		E9806B50230E63A100C95CBC /* Info.plist */ = {isa = PBXFileReference; lastKnownFileType = text.plist.xml; path = Info.plist; sourceTree = "<group>"; };
		E9E6BE4B2312CB4C00398A66 /* Company.h */ = {isa = PBXFileReference; lastKnownFileType = sourcecode.c.h; path = Company.h; sourceTree = "<group>"; };
		E9E6BE4C2312CD3000398A66 /* ConcreteCompany.h */ = {isa = PBXFileReference; lastKnownFileType = sourcecode.c.h; path = ConcreteCompany.h; sourceTree = "<group>"; };
		E9E6BE4D2312CD3100398A66 /* ConcreteCompany.m */ = {isa = PBXFileReference; lastKnownFileType = sourcecode.c.objc; path = ConcreteCompany.m; sourceTree = "<group>"; };
		E9E6BE4F2312CF6C00398A66 /* HRDepartment.h */ = {isa = PBXFileReference; lastKnownFileType = sourcecode.c.h; path = HRDepartment.h; sourceTree = "<group>"; };
		E9E6BE502312CF6C00398A66 /* HRDepartment.m */ = {isa = PBXFileReference; lastKnownFileType = sourcecode.c.objc; path = HRDepartment.m; sourceTree = "<group>"; };
		E9E6BE522312D13000398A66 /* FinanceDepartment.h */ = {isa = PBXFileReference; lastKnownFileType = sourcecode.c.h; path = FinanceDepartment.h; sourceTree = "<group>"; };
		E9E6BE532312D13000398A66 /* FinanceDepartment.m */ = {isa = PBXFileReference; lastKnownFileType = sourcecode.c.objc; path = FinanceDepartment.m; sourceTree = "<group>"; };
/* End PBXFileReference section */

/* Begin PBXFrameworksBuildPhase section */
		E9806B24230E63A000C95CBC /* Frameworks */ = {
			isa = PBXFrameworksBuildPhase;
			buildActionMask = 2147483647;
			files = (
			);
			runOnlyForDeploymentPostprocessing = 0;
		};
		E9806B3C230E63A100C95CBC /* Frameworks */ = {
			isa = PBXFrameworksBuildPhase;
			buildActionMask = 2147483647;
			files = (
			);
			runOnlyForDeploymentPostprocessing = 0;
		};
		E9806B47230E63A100C95CBC /* Frameworks */ = {
			isa = PBXFrameworksBuildPhase;
			buildActionMask = 2147483647;
			files = (
			);
			runOnlyForDeploymentPostprocessing = 0;
		};
/* End PBXFrameworksBuildPhase section */

/* Begin PBXGroup section */
		E9061C0B233B46E4004D0F05 /* MVVM */ = {
			isa = PBXGroup;
			children = (
				E9061C0F233B46FB004D0F05 /* View */,
				E9061C0E233B46F9004D0F05 /* Model */,
				E9061C0D233B46F6004D0F05 /* ViewModel */,
				E9061C0C233B46F3004D0F05 /* ViewController */,
			);
			path = MVVM;
			sourceTree = "<group>";
		};
		E9061C0C233B46F3004D0F05 /* ViewController */ = {
			isa = PBXGroup;
			children = (
				E9061C1C233B47CB004D0F05 /* CMVVMViewController.h */,
				E9061C1D233B47CB004D0F05 /* CMVVMViewController.m */,
			);
			path = ViewController;
			sourceTree = "<group>";
		};
		E9061C0D233B46F6004D0F05 /* ViewModel */ = {
			isa = PBXGroup;
			children = (
				E9061C19233B47B3004D0F05 /* CMVVMViewModel.h */,
				E9061C1A233B47B3004D0F05 /* CMVVMViewModel.m */,
				E9061C20233B603A004D0F05 /* CMVVMTableDataSource.h */,
				E9061C21233B603A004D0F05 /* CMVVMTableDataSource.m */,
			);
			path = ViewModel;
			sourceTree = "<group>";
		};
		E9061C0E233B46F9004D0F05 /* Model */ = {
			isa = PBXGroup;
			children = (
				E9061C16233B47A1004D0F05 /* CMVVMModel.h */,
				E9061C17233B47A1004D0F05 /* CMVVMModel.m */,
			);
			path = Model;
			sourceTree = "<group>";
		};
		E9061C0F233B46FB004D0F05 /* View */ = {
			isa = PBXGroup;
			children = (
				E9061C13233B4784004D0F05 /* CMVVMViewCell.h */,
				E9061C14233B4784004D0F05 /* CMVVMViewCell.m */,
			);
			path = View;
			sourceTree = "<group>";
		};
		E931957D23B06E5F009EE6F2 /* AbstractFactory */ = {
			isa = PBXGroup;
			children = (
				E931957E23B06ED9009EE6F2 /* Human.h */,
				E931957F23B06F76009EE6F2 /* FactoryProtocol.h */,
				E931959D23B07313009EE6F2 /* FemaleFactory.h */,
				E931959E23B07313009EE6F2 /* FemaleFactory.m */,
				E93195A023B07332009EE6F2 /* MaleFactory.h */,
				E93195A123B07332009EE6F2 /* MaleFactory.m */,
				E931958A23B0718D009EE6F2 /* Human */,
				E931958023B07043009EE6F2 /* Abstract */,
			);
			path = AbstractFactory;
			sourceTree = "<group>";
		};
		E931958023B07043009EE6F2 /* Abstract */ = {
			isa = PBXGroup;
			children = (
				E931958123B07066009EE6F2 /* AbstractYellowHuman.h */,
				E931958223B07066009EE6F2 /* AbstractYellowHuman.m */,
				E931958423B07078009EE6F2 /* AbstractWhiteHuman.h */,
				E931958523B07078009EE6F2 /* AbstractWhiteHuman.m */,
				E931958723B07088009EE6F2 /* AbstractBlackHuman.h */,
				E931958823B07088009EE6F2 /* AbstractBlackHuman.m */,
			);
			path = Abstract;
			sourceTree = "<group>";
		};
		E931958A23B0718D009EE6F2 /* Human */ = {
			isa = PBXGroup;
			children = (
				E931958B23B071D2009EE6F2 /* FemaleYellowHuman.h */,
				E931958C23B071D2009EE6F2 /* FemaleYellowHuman.m */,
				E931958E23B071E2009EE6F2 /* MaleYellowHuman.h */,
				E931958F23B071E2009EE6F2 /* MaleYellowHuman.m */,
				E931959123B0721F009EE6F2 /* FemaleWhiteHuman.h */,
				E931959223B0721F009EE6F2 /* FemaleWhiteHuman.m */,
				E931959423B07233009EE6F2 /* MaleWhiteHuman.h */,
				E931959523B07233009EE6F2 /* MaleWhiteHuman.m */,
				E931959723B07254009EE6F2 /* FemaleBlackHuman.h */,
				E931959823B07254009EE6F2 /* FemaleBlackHuman.m */,
				E931959A23B07265009EE6F2 /* MaleBlackHuman.h */,
				E931959B23B07265009EE6F2 /* MaleBlackHuman.m */,
			);
			path = Human;
			sourceTree = "<group>";
		};
		E93195A623B0E4ED009EE6F2 /* CarBuilder */ = {
			isa = PBXGroup;
			children = (
				E93195B523B0EB02009EE6F2 /* CarBuilder.h */,
				E93195B623B0EB02009EE6F2 /* CarBuilder.m */,
				E93195B823B0EB9F009EE6F2 /* BenzBuilder.h */,
				E93195B923B0EB9F009EE6F2 /* BenzBuilder.m */,
				E93195BB23B0EBAF009EE6F2 /* BmwBuilder.h */,
				E93195BC23B0EBAF009EE6F2 /* BmwBuilder.m */,
			);
			path = CarBuilder;
			sourceTree = "<group>";
		};
		E93195AA23B0E540009EE6F2 /* CarModel */ = {
			isa = PBXGroup;
			children = (
				E93195AB23B0E578009EE6F2 /* CarModel.h */,
				E93195AC23B0E578009EE6F2 /* CarModel.m */,
				E93195AF23B0E920009EE6F2 /* BenzModel.h */,
				E93195B023B0E920009EE6F2 /* BenzModel.m */,
				E93195B223B0EACC009EE6F2 /* BmwModel.h */,
				E93195B323B0EACC009EE6F2 /* BmwModel.m */,
			);
			path = CarModel;
			sourceTree = "<group>";
		};
		E93E37F523B38E91005166FA /* Mediator */ = {
			isa = PBXGroup;
			children = (
				E9568B7923B6308400760C81 /* AbstractColleague.h */,
				E9568B8523B6308400760C81 /* AbstractColleague.m */,
				E9568B7E23B6308400760C81 /* AbstractMediator.h */,
				E9568B7723B6308300760C81 /* AbstractMediator.m */,
				E9568B8423B6308400760C81 /* Mediator.h */,
				E9568B7823B6308400760C81 /* Mediator.m */,
				E9568B8923B6308400760C81 /* Purchase.h */,
				E9568B8123B6308400760C81 /* Purchase.m */,
				E9568B7523B6308300760C81 /* Sale.h */,
				E9568B8B23B6308400760C81 /* Sale.m */,
				E9568B7C23B6308400760C81 /* Stock.h */,
				E9568B7D23B6308400760C81 /* Stock.m */,
			);
			path = Mediator;
			sourceTree = "<group>";
		};
		E94B5BAA23507DBC009DAF52 /* MVP */ = {
			isa = PBXGroup;
			children = (
				E94B5BAF23507E13009DAF52 /* Protocol */,
				E94B5BAE23507E06009DAF52 /* Service */,
				E94B5BAD23507DF8009DAF52 /* View */,
				E94B5BAC23507DF0009DAF52 /* Model */,
				E94B5BAB23507DDC009DAF52 /* Presenter */,
			);
			path = MVP;
			sourceTree = "<group>";
		};
		E94B5BAB23507DDC009DAF52 /* Presenter */ = {
			isa = PBXGroup;
			children = (
				E94B5BB023507E5E009DAF52 /* MVPresenter.h */,
				E94B5BB123507E5E009DAF52 /* MVPresenter.m */,
			);
			path = Presenter;
			sourceTree = "<group>";
		};
		E94B5BAC23507DF0009DAF52 /* Model */ = {
			isa = PBXGroup;
			children = (
				E94B5BB323507E7B009DAF52 /* MVPModel.h */,
				E94B5BB423507E7B009DAF52 /* MVPModel.m */,
			);
			path = Model;
			sourceTree = "<group>";
		};
		E94B5BAD23507DF8009DAF52 /* View */ = {
			isa = PBXGroup;
			children = (
				E94B5BB623507E8F009DAF52 /* MVPViewController.h */,
				E94B5BB723507E8F009DAF52 /* MVPViewController.m */,
			);
			path = View;
			sourceTree = "<group>";
		};
		E94B5BAE23507E06009DAF52 /* Service */ = {
			isa = PBXGroup;
			children = (
				E94B5BB923507F0C009DAF52 /* MVPNetworkManager.h */,
				E94B5BBA23507F0C009DAF52 /* MVPNetworkManager.m */,
			);
			path = Service;
			sourceTree = "<group>";
		};
		E94B5BAF23507E13009DAF52 /* Protocol */ = {
			isa = PBXGroup;
			children = (
				E94B5BBC23507F28009DAF52 /* MVPProtocol.h */,
			);
			path = Protocol;
			sourceTree = "<group>";
		};
		E976C84723125E20005A1CBA /* Strategy */ = {
			isa = PBXGroup;
			children = (
				E976C84823125E40005A1CBA /* CashBase.h */,
				E976C84923125EDD005A1CBA /* CashNormal.h */,
				E976C84A23125EDD005A1CBA /* CashNormal.m */,
				E976C84C23125EF0005A1CBA /* CashRebate.h */,
				E976C84D23125EF0005A1CBA /* CashRebate.m */,
				E976C84F23125F26005A1CBA /* CashReturnMoney.h */,
				E976C85023125F26005A1CBA /* CashReturnMoney.m */,
				E976C85223125FC1005A1CBA /* CashContext.h */,
				E976C85323125FC1005A1CBA /* CashContext.m */,
			);
			path = Strategy;
			sourceTree = "<group>";
		};
		E976C8552312733B005A1CBA /* Decorate */ = {
			isa = PBXGroup;
			children = (
				E976C856231276C5005A1CBA /* Hamburger.h */,
				E976C8572312786C005A1CBA /* ChickenBurger.h */,
				E976C8582312786C005A1CBA /* ChickenBurger.m */,
				E976C85A23127952005A1CBA /* Condiment.h */,
				E976C85B23127952005A1CBA /* Condiment.m */,
				E976C85D23127A18005A1CBA /* Egg.h */,
				E976C85E23127A18005A1CBA /* Egg.m */,
				E976C86023127ACA005A1CBA /* Sausage.h */,
				E976C86123127ACA005A1CBA /* Sausage.m */,
			);
			path = Decorate;
			sourceTree = "<group>";
		};
		E976C8632312838C005A1CBA /* Adapter */ = {
			isa = PBXGroup;
			children = (
				E976C864231283C8005A1CBA /* MediaPlayer.h */,
				E976C86523128431005A1CBA /* AdvanceMediaPlayer.h */,
				E976C86F23128535005A1CBA /* MediaAdapter.h */,
				E976C87023128535005A1CBA /* MediaAdapter.m */,
				E976C866231284A6005A1CBA /* AudioPlayer.h */,
				E976C867231284A6005A1CBA /* AudioPlayer.m */,
				E976C86923128505005A1CBA /* VlcPlayer.h */,
				E976C86A23128505005A1CBA /* VlcPlayer.m */,
				E976C86C23128515005A1CBA /* Mp4Player.h */,
				E976C86D23128515005A1CBA /* Mp4Player.m */,
			);
			path = Adapter;
			sourceTree = "<group>";
		};
		E9806B1E230E63A000C95CBC = {
			isa = PBXGroup;
			children = (
				E9061C1F233B4F8A004D0F05 /* PrefixHeader.pch */,
				E9806B29230E63A000C95CBC /* DesignModes */,
				E9806B42230E63A100C95CBC /* DesignModesTests */,
				E9806B4D230E63A100C95CBC /* DesignModesUITests */,
				E9806B28230E63A000C95CBC /* Products */,
			);
			sourceTree = "<group>";
		};
		E9806B28230E63A000C95CBC /* Products */ = {
			isa = PBXGroup;
			children = (
				E9806B27230E63A000C95CBC /* DesignModes.app */,
				E9806B3F230E63A100C95CBC /* DesignModesTests.xctest */,
				E9806B4A230E63A100C95CBC /* DesignModesUITests.xctest */,
			);
			name = Products;
			sourceTree = "<group>";
		};
		E9806B29230E63A000C95CBC /* DesignModes */ = {
			isa = PBXGroup;
			children = (
				E9806B2A230E63A000C95CBC /* AppDelegate.h */,
				E9806B2B230E63A000C95CBC /* AppDelegate.m */,
				E9806B2D230E63A000C95CBC /* ViewController.h */,
				E9806B2E230E63A000C95CBC /* ViewController.m */,
				E93E37F523B38E91005166FA /* Mediator */,
				E94B5BAA23507DBC009DAF52 /* MVP */,
				E9061C0B233B46E4004D0F05 /* MVVM */,
				E9F7255F2314C521007D7904 /* Builder */,
				E9E6BE4A2312C7C700398A66 /* Composite */,
				E976C8632312838C005A1CBA /* Adapter */,
				E976C8552312733B005A1CBA /* Decorate */,
				E976C84723125E20005A1CBA /* Strategy */,
				E9806B5C230E63AB00C95CBC /* Factory */,
				E9806B30230E63A000C95CBC /* Main.storyboard */,
				E9806B33230E63A100C95CBC /* Assets.xcassets */,
				E9806B35230E63A100C95CBC /* LaunchScreen.storyboard */,
				E9806B38230E63A100C95CBC /* Info.plist */,
				E9806B39230E63A100C95CBC /* main.m */,
			);
			path = DesignModes;
			sourceTree = "<group>";
		};
		E9806B42230E63A100C95CBC /* DesignModesTests */ = {
			isa = PBXGroup;
			children = (
				E9806B43230E63A100C95CBC /* DesignModesTests.m */,
				E9806B45230E63A100C95CBC /* Info.plist */,
			);
			path = DesignModesTests;
			sourceTree = "<group>";
		};
		E9806B4D230E63A100C95CBC /* DesignModesUITests */ = {
			isa = PBXGroup;
			children = (
				E9806B4E230E63A100C95CBC /* DesignModesUITests.m */,
				E9806B50230E63A100C95CBC /* Info.plist */,
			);
			path = DesignModesUITests;
			sourceTree = "<group>";
		};
		E9806B5C230E63AB00C95CBC /* Factory */ = {
			isa = PBXGroup;
			children = (
				E931957D23B06E5F009EE6F2 /* AbstractFactory */,
			);
			path = Factory;
			sourceTree = "<group>";
		};
		E9E6BE4A2312C7C700398A66 /* Composite */ = {
			isa = PBXGroup;
			children = (
				E9E6BE4B2312CB4C00398A66 /* Company.h */,
				E9E6BE4C2312CD3000398A66 /* ConcreteCompany.h */,
				E9E6BE4D2312CD3100398A66 /* ConcreteCompany.m */,
				E9E6BE4F2312CF6C00398A66 /* HRDepartment.h */,
				E9E6BE502312CF6C00398A66 /* HRDepartment.m */,
				E9E6BE522312D13000398A66 /* FinanceDepartment.h */,
				E9E6BE532312D13000398A66 /* FinanceDepartment.m */,
			);
			path = Composite;
			sourceTree = "<group>";
		};
		E9F7255F2314C521007D7904 /* Builder */ = {
			isa = PBXGroup;
			children = (
				E93195AE23B0E67A009EE6F2 /* CarModelProtocol.h */,
				E950502023B2F45600A654C5 /* CarDirector.h */,
				E950502123B2F45600A654C5 /* CarDirector.m */,
				E93195AA23B0E540009EE6F2 /* CarModel */,
				E93195A623B0E4ED009EE6F2 /* CarBuilder */,
			);
			path = Builder;
			sourceTree = "<group>";
		};
/* End PBXGroup section */

/* Begin PBXNativeTarget section */
		E9806B26230E63A000C95CBC /* DesignModes */ = {
			isa = PBXNativeTarget;
			buildConfigurationList = E9806B53230E63A100C95CBC /* Build configuration list for PBXNativeTarget "DesignModes" */;
			buildPhases = (
				E9806B23230E63A000C95CBC /* Sources */,
				E9806B24230E63A000C95CBC /* Frameworks */,
				E9806B25230E63A000C95CBC /* Resources */,
			);
			buildRules = (
			);
			dependencies = (
			);
			name = DesignModes;
			productName = DesignModes;
			productReference = E9806B27230E63A000C95CBC /* DesignModes.app */;
			productType = "com.apple.product-type.application";
		};
		E9806B3E230E63A100C95CBC /* DesignModesTests */ = {
			isa = PBXNativeTarget;
			buildConfigurationList = E9806B56230E63A100C95CBC /* Build configuration list for PBXNativeTarget "DesignModesTests" */;
			buildPhases = (
				E9806B3B230E63A100C95CBC /* Sources */,
				E9806B3C230E63A100C95CBC /* Frameworks */,
				E9806B3D230E63A100C95CBC /* Resources */,
			);
			buildRules = (
			);
			dependencies = (
				E9806B41230E63A100C95CBC /* PBXTargetDependency */,
			);
			name = DesignModesTests;
			productName = DesignModesTests;
			productReference = E9806B3F230E63A100C95CBC /* DesignModesTests.xctest */;
			productType = "com.apple.product-type.bundle.unit-test";
		};
		E9806B49230E63A100C95CBC /* DesignModesUITests */ = {
			isa = PBXNativeTarget;
			buildConfigurationList = E9806B59230E63A100C95CBC /* Build configuration list for PBXNativeTarget "DesignModesUITests" */;
			buildPhases = (
				E9806B46230E63A100C95CBC /* Sources */,
				E9806B47230E63A100C95CBC /* Frameworks */,
				E9806B48230E63A100C95CBC /* Resources */,
			);
			buildRules = (
			);
			dependencies = (
				E9806B4C230E63A100C95CBC /* PBXTargetDependency */,
			);
			name = DesignModesUITests;
			productName = DesignModesUITests;
			productReference = E9806B4A230E63A100C95CBC /* DesignModesUITests.xctest */;
			productType = "com.apple.product-type.bundle.ui-testing";
		};
/* End PBXNativeTarget section */

/* Begin PBXProject section */
		E9806B1F230E63A000C95CBC /* Project object */ = {
			isa = PBXProject;
			attributes = {
				LastUpgradeCheck = 1030;
				ORGANIZATIONNAME = huadao;
				TargetAttributes = {
					E9806B26230E63A000C95CBC = {
						CreatedOnToolsVersion = 10.3;
					};
					E9806B3E230E63A100C95CBC = {
						CreatedOnToolsVersion = 10.3;
						TestTargetID = E9806B26230E63A000C95CBC;
					};
					E9806B49230E63A100C95CBC = {
						CreatedOnToolsVersion = 10.3;
						TestTargetID = E9806B26230E63A000C95CBC;
					};
				};
			};
			buildConfigurationList = E9806B22230E63A000C95CBC /* Build configuration list for PBXProject "DesignModes" */;
			compatibilityVersion = "Xcode 9.3";
			developmentRegion = en;
			hasScannedForEncodings = 0;
			knownRegions = (
				en,
				Base,
			);
			mainGroup = E9806B1E230E63A000C95CBC;
			productRefGroup = E9806B28230E63A000C95CBC /* Products */;
			projectDirPath = "";
			projectRoot = "";
			targets = (
				E9806B26230E63A000C95CBC /* DesignModes */,
				E9806B3E230E63A100C95CBC /* DesignModesTests */,
				E9806B49230E63A100C95CBC /* DesignModesUITests */,
			);
		};
/* End PBXProject section */

/* Begin PBXResourcesBuildPhase section */
		E9806B25230E63A000C95CBC /* Resources */ = {
			isa = PBXResourcesBuildPhase;
			buildActionMask = 2147483647;
			files = (
				E9806B37230E63A100C95CBC /* LaunchScreen.storyboard in Resources */,
				E9806B34230E63A100C95CBC /* Assets.xcassets in Resources */,
				E9806B32230E63A000C95CBC /* Main.storyboard in Resources */,
			);
			runOnlyForDeploymentPostprocessing = 0;
		};
		E9806B3D230E63A100C95CBC /* Resources */ = {
			isa = PBXResourcesBuildPhase;
			buildActionMask = 2147483647;
			files = (
			);
			runOnlyForDeploymentPostprocessing = 0;
		};
		E9806B48230E63A100C95CBC /* Resources */ = {
			isa = PBXResourcesBuildPhase;
			buildActionMask = 2147483647;
			files = (
			);
			runOnlyForDeploymentPostprocessing = 0;
		};
/* End PBXResourcesBuildPhase section */

/* Begin PBXSourcesBuildPhase section */
		E9806B23230E63A000C95CBC /* Sources */ = {
			isa = PBXSourcesBuildPhase;
			buildActionMask = 2147483647;
			files = (
				E931959C23B07265009EE6F2 /* MaleBlackHuman.m in Sources */,
				E9061C1E233B47CB004D0F05 /* CMVVMViewController.m in Sources */,
				E931959623B07233009EE6F2 /* MaleWhiteHuman.m in Sources */,
				E9568B9123B6308400760C81 /* Stock.m in Sources */,
				E950502223B2F45600A654C5 /* CarDirector.m in Sources */,
				E9061C18233B47A1004D0F05 /* CMVVMModel.m in Sources */,
				E976C84E23125EF0005A1CBA /* CashRebate.m in Sources */,
				E976C8592312786C005A1CBA /* ChickenBurger.m in Sources */,
				E976C87123128535005A1CBA /* MediaAdapter.m in Sources */,
				E976C86223127ACA005A1CBA /* Sausage.m in Sources */,
				E93195B723B0EB02009EE6F2 /* CarBuilder.m in Sources */,
				E9061C22233B603A004D0F05 /* CMVVMTableDataSource.m in Sources */,
				E9568B9523B6308400760C81 /* AbstractColleague.m in Sources */,
				E976C85C23127952005A1CBA /* Condiment.m in Sources */,
				E931958923B07088009EE6F2 /* AbstractBlackHuman.m in Sources */,
				E94B5BB523507E7B009DAF52 /* MVPModel.m in Sources */,
				E931959F23B07313009EE6F2 /* FemaleFactory.m in Sources */,
				E94B5BB223507E5E009DAF52 /* MVPresenter.m in Sources */,
				E93195B123B0E920009EE6F2 /* BenzModel.m in Sources */,
				E9061C1B233B47B3004D0F05 /* CMVVMViewModel.m in Sources */,
				E93195A223B07332009EE6F2 /* MaleFactory.m in Sources */,
				E976C85F23127A18005A1CBA /* Egg.m in Sources */,
				E976C86B23128505005A1CBA /* VlcPlayer.m in Sources */,
				E976C868231284A6005A1CBA /* AudioPlayer.m in Sources */,
				E9E6BE4E2312CD3100398A66 /* ConcreteCompany.m in Sources */,
				E9806B2F230E63A000C95CBC /* ViewController.m in Sources */,
				E931959323B0721F009EE6F2 /* FemaleWhiteHuman.m in Sources */,
				E93195BA23B0EB9F009EE6F2 /* BenzBuilder.m in Sources */,
				E9568B9723B6308400760C81 /* Sale.m in Sources */,
				E9061C15233B4784004D0F05 /* CMVVMViewCell.m in Sources */,
				E976C86E23128515005A1CBA /* Mp4Player.m in Sources */,
				E976C85423125FC1005A1CBA /* CashContext.m in Sources */,
				E9E6BE542312D13000398A66 /* FinanceDepartment.m in Sources */,
				E9E6BE512312CF6C00398A66 /* HRDepartment.m in Sources */,
				E931958323B07066009EE6F2 /* AbstractYellowHuman.m in Sources */,
				E9806B3A230E63A100C95CBC /* main.m in Sources */,
				E9568B9323B6308400760C81 /* Purchase.m in Sources */,
				E9806B2C230E63A000C95CBC /* AppDelegate.m in Sources */,
				E94B5BB823507E8F009DAF52 /* MVPViewController.m in Sources */,
				E93195B423B0EACC009EE6F2 /* BmwModel.m in Sources */,
				E931958D23B071D2009EE6F2 /* FemaleYellowHuman.m in Sources */,
				E93195AD23B0E578009EE6F2 /* CarModel.m in Sources */,
				E9568B8E23B6308400760C81 /* AbstractMediator.m in Sources */,
				E976C84B23125EDD005A1CBA /* CashNormal.m in Sources */,
				E931958623B07078009EE6F2 /* AbstractWhiteHuman.m in Sources */,
				E931959023B071E2009EE6F2 /* MaleYellowHuman.m in Sources */,
				E9568B8F23B6308400760C81 /* Mediator.m in Sources */,
				E93195BD23B0EBAF009EE6F2 /* BmwBuilder.m in Sources */,
				E931959923B07254009EE6F2 /* FemaleBlackHuman.m in Sources */,
				E94B5BBB23507F0C009DAF52 /* MVPNetworkManager.m in Sources */,
				E976C85123125F26005A1CBA /* CashReturnMoney.m in Sources */,
			);
			runOnlyForDeploymentPostprocessing = 0;
		};
		E9806B3B230E63A100C95CBC /* Sources */ = {
			isa = PBXSourcesBuildPhase;
			buildActionMask = 2147483647;
			files = (
				E9806B44230E63A100C95CBC /* DesignModesTests.m in Sources */,
			);
			runOnlyForDeploymentPostprocessing = 0;
		};
		E9806B46230E63A100C95CBC /* Sources */ = {
			isa = PBXSourcesBuildPhase;
			buildActionMask = 2147483647;
			files = (
				E9806B4F230E63A100C95CBC /* DesignModesUITests.m in Sources */,
			);
			runOnlyForDeploymentPostprocessing = 0;
		};
/* End PBXSourcesBuildPhase section */

/* Begin PBXTargetDependency section */
		E9806B41230E63A100C95CBC /* PBXTargetDependency */ = {
			isa = PBXTargetDependency;
			target = E9806B26230E63A000C95CBC /* DesignModes */;
			targetProxy = E9806B40230E63A100C95CBC /* PBXContainerItemProxy */;
		};
		E9806B4C230E63A100C95CBC /* PBXTargetDependency */ = {
			isa = PBXTargetDependency;
			target = E9806B26230E63A000C95CBC /* DesignModes */;
			targetProxy = E9806B4B230E63A100C95CBC /* PBXContainerItemProxy */;
		};
/* End PBXTargetDependency section */

/* Begin PBXVariantGroup section */
		E9806B30230E63A000C95CBC /* Main.storyboard */ = {
			isa = PBXVariantGroup;
			children = (
				E9806B31230E63A000C95CBC /* Base */,
			);
			name = Main.storyboard;
			sourceTree = "<group>";
		};
		E9806B35230E63A100C95CBC /* LaunchScreen.storyboard */ = {
			isa = PBXVariantGroup;
			children = (
				E9806B36230E63A100C95CBC /* Base */,
			);
			name = LaunchScreen.storyboard;
			sourceTree = "<group>";
		};
/* End PBXVariantGroup section */

/* Begin XCBuildConfiguration section */
		E9806B51230E63A100C95CBC /* Debug */ = {
			isa = XCBuildConfiguration;
			buildSettings = {
				ALWAYS_SEARCH_USER_PATHS = NO;
				CLANG_ANALYZER_NONNULL = YES;
				CLANG_ANALYZER_NUMBER_OBJECT_CONVERSION = YES_AGGRESSIVE;
				CLANG_CXX_LANGUAGE_STANDARD = "gnu++14";
				CLANG_CXX_LIBRARY = "libc++";
				CLANG_ENABLE_MODULES = YES;
				CLANG_ENABLE_OBJC_ARC = YES;
				CLANG_ENABLE_OBJC_WEAK = YES;
				CLANG_WARN_BLOCK_CAPTURE_AUTORELEASING = YES;
				CLANG_WARN_BOOL_CONVERSION = YES;
				CLANG_WARN_COMMA = YES;
				CLANG_WARN_CONSTANT_CONVERSION = YES;
				CLANG_WARN_DEPRECATED_OBJC_IMPLEMENTATIONS = YES;
				CLANG_WARN_DIRECT_OBJC_ISA_USAGE = YES_ERROR;
				CLANG_WARN_DOCUMENTATION_COMMENTS = YES;
				CLANG_WARN_EMPTY_BODY = YES;
				CLANG_WARN_ENUM_CONVERSION = YES;
				CLANG_WARN_INFINITE_RECURSION = YES;
				CLANG_WARN_INT_CONVERSION = YES;
				CLANG_WARN_NON_LITERAL_NULL_CONVERSION = YES;
				CLANG_WARN_OBJC_IMPLICIT_RETAIN_SELF = YES;
				CLANG_WARN_OBJC_LITERAL_CONVERSION = YES;
				CLANG_WARN_OBJC_ROOT_CLASS = YES_ERROR;
				CLANG_WARN_RANGE_LOOP_ANALYSIS = YES;
				CLANG_WARN_STRICT_PROTOTYPES = YES;
				CLANG_WARN_SUSPICIOUS_MOVE = YES;
				CLANG_WARN_UNGUARDED_AVAILABILITY = YES_AGGRESSIVE;
				CLANG_WARN_UNREACHABLE_CODE = YES;
				CLANG_WARN__DUPLICATE_METHOD_MATCH = YES;
				CODE_SIGN_IDENTITY = "iPhone Developer";
				COPY_PHASE_STRIP = NO;
				DEBUG_INFORMATION_FORMAT = dwarf;
				ENABLE_STRICT_OBJC_MSGSEND = YES;
				ENABLE_TESTABILITY = YES;
				GCC_C_LANGUAGE_STANDARD = gnu11;
				GCC_DYNAMIC_NO_PIC = NO;
				GCC_NO_COMMON_BLOCKS = YES;
				GCC_OPTIMIZATION_LEVEL = 0;
				GCC_PREPROCESSOR_DEFINITIONS = (
					"DEBUG=1",
					"$(inherited)",
				);
				GCC_WARN_64_TO_32_BIT_CONVERSION = YES;
				GCC_WARN_ABOUT_RETURN_TYPE = YES_ERROR;
				GCC_WARN_UNDECLARED_SELECTOR = YES;
				GCC_WARN_UNINITIALIZED_AUTOS = YES_AGGRESSIVE;
				GCC_WARN_UNUSED_FUNCTION = YES;
				GCC_WARN_UNUSED_VARIABLE = YES;
				IPHONEOS_DEPLOYMENT_TARGET = 12.4;
				MTL_ENABLE_DEBUG_INFO = INCLUDE_SOURCE;
				MTL_FAST_MATH = YES;
				ONLY_ACTIVE_ARCH = YES;
				SDKROOT = iphoneos;
			};
			name = Debug;
		};
		E9806B52230E63A100C95CBC /* Release */ = {
			isa = XCBuildConfiguration;
			buildSettings = {
				ALWAYS_SEARCH_USER_PATHS = NO;
				CLANG_ANALYZER_NONNULL = YES;
				CLANG_ANALYZER_NUMBER_OBJECT_CONVERSION = YES_AGGRESSIVE;
				CLANG_CXX_LANGUAGE_STANDARD = "gnu++14";
				CLANG_CXX_LIBRARY = "libc++";
				CLANG_ENABLE_MODULES = YES;
				CLANG_ENABLE_OBJC_ARC = YES;
				CLANG_ENABLE_OBJC_WEAK = YES;
				CLANG_WARN_BLOCK_CAPTURE_AUTORELEASING = YES;
				CLANG_WARN_BOOL_CONVERSION = YES;
				CLANG_WARN_COMMA = YES;
				CLANG_WARN_CONSTANT_CONVERSION = YES;
				CLANG_WARN_DEPRECATED_OBJC_IMPLEMENTATIONS = YES;
				CLANG_WARN_DIRECT_OBJC_ISA_USAGE = YES_ERROR;
				CLANG_WARN_DOCUMENTATION_COMMENTS = YES;
				CLANG_WARN_EMPTY_BODY = YES;
				CLANG_WARN_ENUM_CONVERSION = YES;
				CLANG_WARN_INFINITE_RECURSION = YES;
				CLANG_WARN_INT_CONVERSION = YES;
				CLANG_WARN_NON_LITERAL_NULL_CONVERSION = YES;
				CLANG_WARN_OBJC_IMPLICIT_RETAIN_SELF = YES;
				CLANG_WARN_OBJC_LITERAL_CONVERSION = YES;
				CLANG_WARN_OBJC_ROOT_CLASS = YES_ERROR;
				CLANG_WARN_RANGE_LOOP_ANALYSIS = YES;
				CLANG_WARN_STRICT_PROTOTYPES = YES;
				CLANG_WARN_SUSPICIOUS_MOVE = YES;
				CLANG_WARN_UNGUARDED_AVAILABILITY = YES_AGGRESSIVE;
				CLANG_WARN_UNREACHABLE_CODE = YES;
				CLANG_WARN__DUPLICATE_METHOD_MATCH = YES;
				CODE_SIGN_IDENTITY = "iPhone Developer";
				COPY_PHASE_STRIP = NO;
				DEBUG_INFORMATION_FORMAT = "dwarf-with-dsym";
				ENABLE_NS_ASSERTIONS = NO;
				ENABLE_STRICT_OBJC_MSGSEND = YES;
				GCC_C_LANGUAGE_STANDARD = gnu11;
				GCC_NO_COMMON_BLOCKS = YES;
				GCC_WARN_64_TO_32_BIT_CONVERSION = YES;
				GCC_WARN_ABOUT_RETURN_TYPE = YES_ERROR;
				GCC_WARN_UNDECLARED_SELECTOR = YES;
				GCC_WARN_UNINITIALIZED_AUTOS = YES_AGGRESSIVE;
				GCC_WARN_UNUSED_FUNCTION = YES;
				GCC_WARN_UNUSED_VARIABLE = YES;
				IPHONEOS_DEPLOYMENT_TARGET = 12.4;
				MTL_ENABLE_DEBUG_INFO = NO;
				MTL_FAST_MATH = YES;
				SDKROOT = iphoneos;
				VALIDATE_PRODUCT = YES;
			};
			name = Release;
		};
		E9806B54230E63A100C95CBC /* Debug */ = {
			isa = XCBuildConfiguration;
			buildSettings = {
				ASSETCATALOG_COMPILER_APPICON_NAME = AppIcon;
				CODE_SIGN_STYLE = Automatic;
				DEVELOPMENT_TEAM = F3D66462B2;
				GCC_INCREASE_PRECOMPILED_HEADER_SHARING = YES;
				GCC_PRECOMPILE_PREFIX_HEADER = YES;
				GCC_PREFIX_HEADER = "$(SRCROOT)/PrefixHeader.pch";
				INFOPLIST_FILE = DesignModes/Info.plist;
				IPHONEOS_DEPLOYMENT_TARGET = 9.0;
				LD_RUNPATH_SEARCH_PATHS = (
					"$(inherited)",
					"@executable_path/Frameworks",
				);
				PRODUCT_BUNDLE_IDENTIFIER = com.tianji.360es.DesignModes;
				PRODUCT_NAME = "$(TARGET_NAME)";
				TARGETED_DEVICE_FAMILY = "1,2";
			};
			name = Debug;
		};
		E9806B55230E63A100C95CBC /* Release */ = {
			isa = XCBuildConfiguration;
			buildSettings = {
				ASSETCATALOG_COMPILER_APPICON_NAME = AppIcon;
				CODE_SIGN_STYLE = Automatic;
				DEVELOPMENT_TEAM = F3D66462B2;
				GCC_INCREASE_PRECOMPILED_HEADER_SHARING = YES;
				GCC_PRECOMPILE_PREFIX_HEADER = YES;
				GCC_PREFIX_HEADER = "$(SRCROOT)/PrefixHeader.pch";
				INFOPLIST_FILE = DesignModes/Info.plist;
				IPHONEOS_DEPLOYMENT_TARGET = 9.0;
				LD_RUNPATH_SEARCH_PATHS = (
					"$(inherited)",
					"@executable_path/Frameworks",
				);
				PRODUCT_BUNDLE_IDENTIFIER = com.tianji.360es.DesignModes;
				PRODUCT_NAME = "$(TARGET_NAME)";
				TARGETED_DEVICE_FAMILY = "1,2";
			};
			name = Release;
		};
		E9806B57230E63A100C95CBC /* Debug */ = {
			isa = XCBuildConfiguration;
			buildSettings = {
				BUNDLE_LOADER = "$(TEST_HOST)";
				CODE_SIGN_STYLE = Automatic;
				DEVELOPMENT_TEAM = F3D66462B2;
				INFOPLIST_FILE = DesignModesTests/Info.plist;
				LD_RUNPATH_SEARCH_PATHS = (
					"$(inherited)",
					"@executable_path/Frameworks",
					"@loader_path/Frameworks",
				);
				PRODUCT_BUNDLE_IDENTIFIER = com.tianji.360es.DesignModesTests;
				PRODUCT_NAME = "$(TARGET_NAME)";
				TARGETED_DEVICE_FAMILY = "1,2";
				TEST_HOST = "$(BUILT_PRODUCTS_DIR)/DesignModes.app/DesignModes";
			};
			name = Debug;
		};
		E9806B58230E63A100C95CBC /* Release */ = {
			isa = XCBuildConfiguration;
			buildSettings = {
				BUNDLE_LOADER = "$(TEST_HOST)";
				CODE_SIGN_STYLE = Automatic;
				DEVELOPMENT_TEAM = F3D66462B2;
				INFOPLIST_FILE = DesignModesTests/Info.plist;
				LD_RUNPATH_SEARCH_PATHS = (
					"$(inherited)",
					"@executable_path/Frameworks",
					"@loader_path/Frameworks",
				);
				PRODUCT_BUNDLE_IDENTIFIER = com.tianji.360es.DesignModesTests;
				PRODUCT_NAME = "$(TARGET_NAME)";
				TARGETED_DEVICE_FAMILY = "1,2";
				TEST_HOST = "$(BUILT_PRODUCTS_DIR)/DesignModes.app/DesignModes";
			};
			name = Release;
		};
		E9806B5A230E63A100C95CBC /* Debug */ = {
			isa = XCBuildConfiguration;
			buildSettings = {
				CODE_SIGN_STYLE = Automatic;
				DEVELOPMENT_TEAM = F3D66462B2;
				INFOPLIST_FILE = DesignModesUITests/Info.plist;
				LD_RUNPATH_SEARCH_PATHS = (
					"$(inherited)",
					"@executable_path/Frameworks",
					"@loader_path/Frameworks",
				);
				PRODUCT_BUNDLE_IDENTIFIER = com.tianji.360es.DesignModesUITests;
				PRODUCT_NAME = "$(TARGET_NAME)";
				TARGETED_DEVICE_FAMILY = "1,2";
				TEST_TARGET_NAME = DesignModes;
			};
			name = Debug;
		};
		E9806B5B230E63A100C95CBC /* Release */ = {
			isa = XCBuildConfiguration;
			buildSettings = {
				CODE_SIGN_STYLE = Automatic;
				DEVELOPMENT_TEAM = F3D66462B2;
				INFOPLIST_FILE = DesignModesUITests/Info.plist;
				LD_RUNPATH_SEARCH_PATHS = (
					"$(inherited)",
					"@executable_path/Frameworks",
					"@loader_path/Frameworks",
				);
				PRODUCT_BUNDLE_IDENTIFIER = com.tianji.360es.DesignModesUITests;
				PRODUCT_NAME = "$(TARGET_NAME)";
				TARGETED_DEVICE_FAMILY = "1,2";
				TEST_TARGET_NAME = DesignModes;
			};
			name = Release;
		};
/* End XCBuildConfiguration section */

/* Begin XCConfigurationList section */
		E9806B22230E63A000C95CBC /* Build configuration list for PBXProject "DesignModes" */ = {
			isa = XCConfigurationList;
			buildConfigurations = (
				E9806B51230E63A100C95CBC /* Debug */,
				E9806B52230E63A100C95CBC /* Release */,
			);
			defaultConfigurationIsVisible = 0;
			defaultConfigurationName = Release;
		};
		E9806B53230E63A100C95CBC /* Build configuration list for PBXNativeTarget "DesignModes" */ = {
			isa = XCConfigurationList;
			buildConfigurations = (
				E9806B54230E63A100C95CBC /* Debug */,
				E9806B55230E63A100C95CBC /* Release */,
			);
			defaultConfigurationIsVisible = 0;
			defaultConfigurationName = Release;
		};
		E9806B56230E63A100C95CBC /* Build configuration list for PBXNativeTarget "DesignModesTests" */ = {
			isa = XCConfigurationList;
			buildConfigurations = (
				E9806B57230E63A100C95CBC /* Debug */,
				E9806B58230E63A100C95CBC /* Release */,
			);
			defaultConfigurationIsVisible = 0;
			defaultConfigurationName = Release;
		};
		E9806B59230E63A100C95CBC /* Build configuration list for PBXNativeTarget "DesignModesUITests" */ = {
			isa = XCConfigurationList;
			buildConfigurations = (
				E9806B5A230E63A100C95CBC /* Debug */,
				E9806B5B230E63A100C95CBC /* Release */,
			);
			defaultConfigurationIsVisible = 0;
			defaultConfigurationName = Release;
		};
/* End XCConfigurationList section */
	};
	rootObject = E9806B1F230E63A000C95CBC /* Project object */;
}
